// !$*UTF8*$!
{
	archiveVersion = 1;
	classes = {
	};
	objectVersion = 50;
	objects = {

/* Begin PBXBuildFile section */
		5C121FC6247832D60069C68E /* CategoryViewController.swift in Sources */ = {isa = PBXBuildFile; fileRef = 5C121FC5247832D60069C68E /* CategoryViewController.swift */; };
		5C8D84B4247157EC0022DBF3 /* AppDelegate.swift in Sources */ = {isa = PBXBuildFile; fileRef = 5C8D84B3247157EC0022DBF3 /* AppDelegate.swift */; };
		5C8D84B6247157EC0022DBF3 /* SceneDelegate.swift in Sources */ = {isa = PBXBuildFile; fileRef = 5C8D84B5247157EC0022DBF3 /* SceneDelegate.swift */; };
		5C8D84B8247157EC0022DBF3 /* ViewController.swift in Sources */ = {isa = PBXBuildFile; fileRef = 5C8D84B7247157EC0022DBF3 /* ViewController.swift */; };
		5C8D84BB247157EC0022DBF3 /* Main.storyboard in Resources */ = {isa = PBXBuildFile; fileRef = 5C8D84B9247157EC0022DBF3 /* Main.storyboard */; };
		5C8D84BD247157EC0022DBF3 /* Assets.xcassets in Resources */ = {isa = PBXBuildFile; fileRef = 5C8D84BC247157EC0022DBF3 /* Assets.xcassets */; };
		5C8D84C0247157EC0022DBF3 /* LaunchScreen.storyboard in Resources */ = {isa = PBXBuildFile; fileRef = 5C8D84BE247157EC0022DBF3 /* LaunchScreen.storyboard */; };
		5C8D84C924715AF20022DBF3 /* Model.xcdatamodeld in Sources */ = {isa = PBXBuildFile; fileRef = 5C8D84C724715AF20022DBF3 /* Model.xcdatamodeld */; };
/* End PBXBuildFile section */

/* Begin PBXFileReference section */
		5C121FC5247832D60069C68E /* CategoryViewController.swift */ = {isa = PBXFileReference; lastKnownFileType = sourcecode.swift; path = CategoryViewController.swift; sourceTree = "<group>"; };
		5C8D84B0247157EC0022DBF3 /* NamesNumberTwo.app */ = {isa = PBXFileReference; explicitFileType = wrapper.application; includeInIndex = 0; path = NamesNumberTwo.app; sourceTree = BUILT_PRODUCTS_DIR; };
		5C8D84B3247157EC0022DBF3 /* AppDelegate.swift */ = {isa = PBXFileReference; lastKnownFileType = sourcecode.swift; path = AppDelegate.swift; sourceTree = "<group>"; };
		5C8D84B5247157EC0022DBF3 /* SceneDelegate.swift */ = {isa = PBXFileReference; lastKnownFileType = sourcecode.swift; path = SceneDelegate.swift; sourceTree = "<group>"; };
		5C8D84B7247157EC0022DBF3 /* ViewController.swift */ = {isa = PBXFileReference; lastKnownFileType = sourcecode.swift; path = ViewController.swift; sourceTree = "<group>"; };
		5C8D84BA247157EC0022DBF3 /* Base */ = {isa = PBXFileReference; lastKnownFileType = file.storyboard; name = Base; path = Base.lproj/Main.storyboard; sourceTree = "<group>"; };
		5C8D84BC247157EC0022DBF3 /* Assets.xcassets */ = {isa = PBXFileReference; lastKnownFileType = folder.assetcatalog; path = Assets.xcassets; sourceTree = "<group>"; };
		5C8D84BF247157EC0022DBF3 /* Base */ = {isa = PBXFileReference; lastKnownFileType = file.storyboard; name = Base; path = Base.lproj/LaunchScreen.storyboard; sourceTree = "<group>"; };
		5C8D84C1247157EC0022DBF3 /* Info.plist */ = {isa = PBXFileReference; lastKnownFileType = text.plist.xml; path = Info.plist; sourceTree = "<group>"; };
		5C8D84C824715AF20022DBF3 /* Model.xcdatamodel */ = {isa = PBXFileReference; lastKnownFileType = wrapper.xcdatamodel; path = Model.xcdatamodel; sourceTree = "<group>"; };
/* End PBXFileReference section */

/* Begin PBXFrameworksBuildPhase section */
		5C8D84AD247157EC0022DBF3 /* Frameworks */ = {
			isa = PBXFrameworksBuildPhase;
			buildActionMask = 2147483647;
			files = (
			);
			runOnlyForDeploymentPostprocessing = 0;
		};
/* End PBXFrameworksBuildPhase section */

/* Begin PBXGroup section */
		5C121FC72478336D0069C68E /* Controller */ = {
			isa = PBXGroup;
			children = (
				5C121FC5247832D60069C68E /* CategoryViewController.swift */,
				5C8D84B7247157EC0022DBF3 /* ViewController.swift */,
			);
			path = Controller;
			sourceTree = "<group>";
		};
		5C121FC8247833760069C68E /* Model */ = {
			isa = PBXGroup;
			children = (
				5C8D84C724715AF20022DBF3 /* Model.xcdatamodeld */,
			);
			path = Model;
			sourceTree = "<group>";
		};
		5C121FC9247833830069C68E /* View */ = {
			isa = PBXGroup;
			children = (
				5C8D84B9247157EC0022DBF3 /* Main.storyboard */,
			);
			path = View;
			sourceTree = "<group>";
		};
		5C121FCA247833B20069C68E /* Supporting Files */ = {
			isa = PBXGroup;
			children = (
				5C8D84BC247157EC0022DBF3 /* Assets.xcassets */,
				5C8D84BE247157EC0022DBF3 /* LaunchScreen.storyboard */,
			);
			path = "Supporting Files";
			sourceTree = "<group>";
		};
		5C8D84A7247157EC0022DBF3 = {
			isa = PBXGroup;
			children = (
				5C8D84B2247157EC0022DBF3 /* NamesNumberTwo */,
				5C8D84B1247157EC0022DBF3 /* Products */,
			);
			sourceTree = "<group>";
		};
		5C8D84B1247157EC0022DBF3 /* Products */ = {
			isa = PBXGroup;
			children = (
				5C8D84B0247157EC0022DBF3 /* NamesNumberTwo.app */,
			);
			name = Products;
			sourceTree = "<group>";
		};
		5C8D84B2247157EC0022DBF3 /* NamesNumberTwo */ = {
			isa = PBXGroup;
			children = (
				5C8D84B3247157EC0022DBF3 /* AppDelegate.swift */,
				5C8D84B5247157EC0022DBF3 /* SceneDelegate.swift */,
				5C121FC8247833760069C68E /* Model */,
				5C121FC9247833830069C68E /* View */,
				5C121FC72478336D0069C68E /* Controller */,
				5C121FCA247833B20069C68E /* Supporting Files */,
				5C8D84C1247157EC0022DBF3 /* Info.plist */,
			);
			path = NamesNumberTwo;
			sourceTree = "<group>";
		};
/* End PBXGroup section */

/* Begin PBXNativeTarget section */
		5C8D84AF247157EC0022DBF3 /* NamesNumberTwo */ = {
			isa = PBXNativeTarget;
			buildConfigurationList = 5C8D84C4247157EC0022DBF3 /* Build configuration list for PBXNativeTarget "NamesNumberTwo" */;
			buildPhases = (
				5C8D84AC247157EC0022DBF3 /* Sources */,
				5C8D84AD247157EC0022DBF3 /* Frameworks */,
				5C8D84AE247157EC0022DBF3 /* Resources */,
			);
			buildRules = (
			);
			dependencies = (
			);
			name = NamesNumberTwo;
			productName = NamesNumberTwo;
			productReference = 5C8D84B0247157EC0022DBF3 /* NamesNumberTwo.app */;
			productType = "com.apple.product-type.application";
		};
/* End PBXNativeTarget section */

/* Begin PBXProject section */
		5C8D84A8247157EC0022DBF3 /* Project object */ = {
			isa = PBXProject;
			attributes = {
				LastSwiftUpdateCheck = 1130;
				LastUpgradeCheck = 1130;
				ORGANIZATIONNAME = "Siavash Mosadegh";
				TargetAttributes = {
					5C8D84AF247157EC0022DBF3 = {
						CreatedOnToolsVersion = 11.3;
					};
				};
			};
			buildConfigurationList = 5C8D84AB247157EC0022DBF3 /* Build configuration list for PBXProject "NamesNumberTwo" */;
			compatibilityVersion = "Xcode 9.3";
			developmentRegion = en;
			hasScannedForEncodings = 0;
			knownRegions = (
				en,
				Base,
			);
			mainGroup = 5C8D84A7247157EC0022DBF3;
			productRefGroup = 5C8D84B1247157EC0022DBF3 /* Products */;
			projectDirPath = "";
			projectRoot = "";
			targets = (
				5C8D84AF247157EC0022DBF3 /* NamesNumberTwo */,
			);
		};
/* End PBXProject section */

/* Begin PBXResourcesBuildPhase section */
		5C8D84AE247157EC0022DBF3 /* Resources */ = {
			isa = PBXResourcesBuildPhase;
			buildActionMask = 2147483647;
			files = (
				5C8D84C0247157EC0022DBF3 /* LaunchScreen.storyboard in Resources */,
				5C8D84BD247157EC0022DBF3 /* Assets.xcassets in Resources */,
				5C8D84BB247157EC0022DBF3 /* Main.storyboard in Resources */,
			);
			runOnlyForDeploymentPostprocessing = 0;
		};
/* End PBXResourcesBuildPhase section */

/* Begin PBXSourcesBuildPhase section */
		5C8D84AC247157EC0022DBF3 /* Sources */ = {
			isa = PBXSourcesBuildPhase;
			buildActionMask = 2147483647;
			files = (
				5C121FC6247832D60069C68E /* CategoryViewController.swift in Sources */,
				5C8D84B8247157EC0022DBF3 /* ViewController.swift in Sources */,
				5C8D84B4247157EC0022DBF3 /* AppDelegate.swift in Sources */,
				5C8D84B6247157EC0022DBF3 /* SceneDelegate.swift in Sources */,
				5C8D84C924715AF20022DBF3 /* Model.xcdatamodeld in Sources */,
			);
			runOnlyForDeploymentPostprocessing = 0;
		};
/* End PBXSourcesBuildPhase section */

/* Begin PBXVariantGroup section */
		5C8D84B9247157EC0022DBF3 /* Main.storyboard */ = {
			isa = PBXVariantGroup;
			children = (
				5C8D84BA247157EC0022DBF3 /* Base */,
			);
			name = Main.storyboard;
			sourceTree = "<group>";
		};
		5C8D84BE247157EC0022DBF3 /* LaunchScreen.storyboard */ = {
			isa = PBXVariantGroup;
			children = (
				5C8D84BF247157EC0022DBF3 /* Base */,
			);
			name = LaunchScreen.storyboard;
			sourceTree = "<group>";
		};
/* End PBXVariantGroup section */

/* Begin XCBuildConfiguration section */
		5C8D84C2247157EC0022DBF3 /* Debug */ = {
			isa = XCBuildConfiguration;
			buildSettings = {
				ALWAYS_SEARCH_USER_PATHS = NO;
				CLANG_ANALYZER_NONNULL = YES;
				CLANG_ANALYZER_NUMBER_OBJECT_CONVERSION = YES_AGGRESSIVE;
				CLANG_CXX_LANGUAGE_STANDARD = "gnu++14";
				CLANG_CXX_LIBRARY = "libc++";
				CLANG_ENABLE_MODULES = YES;
				CLANG_ENABLE_OBJC_ARC = YES;
				CLANG_ENABLE_OBJC_WEAK = YES;
				CLANG_WARN_BLOCK_CAPTURE_AUTORELEASING = YES;
				CLANG_WARN_BOOL_CONVERSION = YES;
				CLANG_WARN_COMMA = YES;
				CLANG_WARN_CONSTANT_CONVERSION = YES;
				CLANG_WARN_DEPRECATED_OBJC_IMPLEMENTATIONS = YES;
				CLANG_WARN_DIRECT_OBJC_ISA_USAGE = YES_ERROR;
				CLANG_WARN_DOCUMENTATION_COMMENTS = YES;
				CLANG_WARN_EMPTY_BODY = YES;
				CLANG_WARN_ENUM_CONVERSION = YES;
				CLANG_WARN_INFINITE_RECURSION = YES;
				CLANG_WARN_INT_CONVERSION = YES;
				CLANG_WARN_NON_LITERAL_NULL_CONVERSION = YES;
				CLANG_WARN_OBJC_IMPLICIT_RETAIN_SELF = YES;
				CLANG_WARN_OBJC_LITERAL_CONVERSION = YES;
				CLANG_WARN_OBJC_ROOT_CLASS = YES_ERROR;
				CLANG_WARN_RANGE_LOOP_ANALYSIS = YES;
				CLANG_WARN_STRICT_PROTOTYPES = YES;
				CLANG_WARN_SUSPICIOUS_MOVE = YES;
				CLANG_WARN_UNGUARDED_AVAILABILITY = YES_AGGRESSIVE;
				CLANG_WARN_UNREACHABLE_CODE = YES;
				CLANG_WARN__DUPLICATE_METHOD_MATCH = YES;
				COPY_PHASE_STRIP = NO;
				DEBUG_INFORMATION_FORMAT = dwarf;
				ENABLE_STRICT_OBJC_MSGSEND = YES;
				ENABLE_TESTABILITY = YES;
				GCC_C_LANGUAGE_STANDARD = gnu11;
				GCC_DYNAMIC_NO_PIC = NO;
				GCC_NO_COMMON_BLOCKS = YES;
				GCC_OPTIMIZATION_LEVEL = 0;
				GCC_PREPROCESSOR_DEFINITIONS = (
					"DEBUG=1",
					"$(inherited)",
				);
				GCC_WARN_64_TO_32_BIT_CONVERSION = YES;
				GCC_WARN_ABOUT_RETURN_TYPE = YES_ERROR;
				GCC_WARN_UNDECLARED_SELECTOR = YES;
				GCC_WARN_UNINITIALIZED_AUTOS = YES_AGGRESSIVE;
				GCC_WARN_UNUSED_FUNCTION = YES;
				GCC_WARN_UNUSED_VARIABLE = YES;
				IPHONEOS_DEPLOYMENT_TARGET = 13.2;
				MTL_ENABLE_DEBUG_INFO = INCLUDE_SOURCE;
				MTL_FAST_MATH = YES;
				ONLY_ACTIVE_ARCH = YES;
				SDKROOT = iphoneos;
				SWIFT_ACTIVE_COMPILATION_CONDITIONS = DEBUG;
				SWIFT_OPTIMIZATION_LEVEL = "-Onone";
			};
			name = Debug;
		};
		5C8D84C3247157EC0022DBF3 /* Release */ = {
			isa = XCBuildConfiguration;
			buildSettings = {
				ALWAYS_SEARCH_USER_PATHS = NO;
				CLANG_ANALYZER_NONNULL = YES;
				CLANG_ANALYZER_NUMBER_OBJECT_CONVERSION = YES_AGGRESSIVE;
				CLANG_CXX_LANGUAGE_STANDARD = "gnu++14";
				CLANG_CXX_LIBRARY = "libc++";
				CLANG_ENABLE_MODULES = YES;
				CLANG_ENABLE_OBJC_ARC = YES;
				CLANG_ENABLE_OBJC_WEAK = YES;
				CLANG_WARN_BLOCK_CAPTURE_AUTORELEASING = YES;
				CLANG_WARN_BOOL_CONVERSION = YES;
				CLANG_WARN_COMMA = YES;
				CLANG_WARN_CONSTANT_CONVERSION = YES;
				CLANG_WARN_DEPRECATED_OBJC_IMPLEMENTATIONS = YES;
				CLANG_WARN_DIRECT_OBJC_ISA_USAGE = YES_ERROR;
				CLANG_WARN_DOCUMENTATION_COMMENTS = YES;
				CLANG_WARN_EMPTY_BODY = YES;
				CLANG_WARN_ENUM_CONVERSION = YES;
				CLANG_WARN_INFINITE_RECURSION = YES;
				CLANG_WARN_INT_CONVERSION = YES;
				CLANG_WARN_NON_LITERAL_NULL_CONVERSION = YES;
				CLANG_WARN_OBJC_IMPLICIT_RETAIN_SELF = YES;
				CLANG_WARN_OBJC_LITERAL_CONVERSION = YES;
				CLANG_WARN_OBJC_ROOT_CLASS = YES_ERROR;
				CLANG_WARN_RANGE_LOOP_ANALYSIS = YES;
				CLANG_WARN_STRICT_PROTOTYPES = YES;
				CLANG_WARN_SUSPICIOUS_MOVE = YES;
				CLANG_WARN_UNGUARDED_AVAILABILITY = YES_AGGRESSIVE;
				CLANG_WARN_UNREACHABLE_CODE = YES;
				CLANG_WARN__DUPLICATE_METHOD_MATCH = YES;
				COPY_PHASE_STRIP = NO;
				DEBUG_INFORMATION_FORMAT = "dwarf-with-dsym";
				ENABLE_NS_ASSERTIONS = NO;
				ENABLE_STRICT_OBJC_MSGSEND = YES;
				GCC_C_LANGUAGE_STANDARD = gnu11;
				GCC_NO_COMMON_BLOCKS = YES;
				GCC_WARN_64_TO_32_BIT_CONVERSION = YES;
				GCC_WARN_ABOUT_RETURN_TYPE = YES_ERROR;
				GCC_WARN_UNDECLARED_SELECTOR = YES;
				GCC_WARN_UNINITIALIZED_AUTOS = YES_AGGRESSIVE;
				GCC_WARN_UNUSED_FUNCTION = YES;
				GCC_WARN_UNUSED_VARIABLE = YES;
				IPHONEOS_DEPLOYMENT_TARGET = 13.2;
				MTL_ENABLE_DEBUG_INFO = NO;
				MTL_FAST_MATH = YES;
				SDKROOT = iphoneos;
				SWIFT_COMPILATION_MODE = wholemodule;
				SWIFT_OPTIMIZATION_LEVEL = "-O";
				VALIDATE_PRODUCT = YES;
			};
			name = Release;
		};
		5C8D84C5247157EC0022DBF3 /* Debug */ = {
			isa = XCBuildConfiguration;
			buildSettings = {
				ASSETCATALOG_COMPILER_APPICON_NAME = AppIcon;
				CODE_SIGN_STYLE = Automatic;
				DEVELOPMENT_TEAM = 68GQNYDD7T;
				INFOPLIST_FILE = NamesNumberTwo/Info.plist;
				LD_RUNPATH_SEARCH_PATHS = (
					"$(inherited)",
					"@executable_path/Frameworks",
				);
				PRODUCT_BUNDLE_IDENTIFIER = com.siavashmosadegh.NamesNumberTwo;
				PRODUCT_NAME = "$(TARGET_NAME)";
				SWIFT_VERSION = 5.0;
				TARGETED_DEVICE_FAMILY = "1,2";
			};
			name = Debug;
		};
		5C8D84C6247157EC0022DBF3 /* Release */ = {
			isa = XCBuildConfiguration;
			buildSettings = {
				ASSETCATALOG_COMPILER_APPICON_NAME = AppIcon;
				CODE_SIGN_STYLE = Automatic;
				DEVELOPMENT_TEAM = 68GQNYDD7T;
				INFOPLIST_FILE = NamesNumberTwo/Info.plist;
				LD_RUNPATH_SEARCH_PATHS = (
					"$(inherited)",
					"@executable_path/Frameworks",
				);
				PRODUCT_BUNDLE_IDENTIFIER = com.siavashmosadegh.NamesNumberTwo;
				PRODUCT_NAME = "$(TARGET_NAME)";
				SWIFT_VERSION = 5.0;
				TARGETED_DEVICE_FAMILY = "1,2";
			};
			name = Release;
		};
/* End XCBuildConfiguration section */

/* Begin XCConfigurationList section */
		5C8D84AB247157EC0022DBF3 /* Build configuration list for PBXProject "NamesNumberTwo" */ = {
			isa = XCConfigurationList;
			buildConfigurations = (
				5C8D84C2247157EC0022DBF3 /* Debug */,
				5C8D84C3247157EC0022DBF3 /* Release */,
			);
			defaultConfigurationIsVisible = 0;
			defaultConfigurationName = Release;
		};
		5C8D84C4247157EC0022DBF3 /* Build configuration list for PBXNativeTarget "NamesNumberTwo" */ = {
			isa = XCConfigurationList;
			buildConfigurations = (
				5C8D84C5247157EC0022DBF3 /* Debug */,
				5C8D84C6247157EC0022DBF3 /* Release */,
			);
			defaultConfigurationIsVisible = 0;
			defaultConfigurationName = Release;
		};
/* End XCConfigurationList section */

/* Begin XCVersionGroup section */
		5C8D84C724715AF20022DBF3 /* Model.xcdatamodeld */ = {
			isa = XCVersionGroup;
			children = (
				5C8D84C824715AF20022DBF3 /* Model.xcdatamodel */,
			);
			currentVersion = 5C8D84C824715AF20022DBF3 /* Model.xcdatamodel */;
			path = Model.xcdatamodeld;
			sourceTree = "<group>";
			versionGroupType = wrapper.xcdatamodel;
		};
/* End XCVersionGroup section */
	};
	rootObject = 5C8D84A8247157EC0022DBF3 /* Project object */;
}
